Microsoft Visual Studio Solution File, Format Version 11.00
# Visual Studio 2010
Project("{8BC9CEB8-8B4A-11D0-8D11-00A0C91BC942}") = "Client", "Client\Client.vcxproj", "{98F25AF9-BDDD-462D-9514-9A18FE2E2692}"
EndProject
Project("{8BC9CEB8-8B4A-11D0-8D11-00A0C91BC942}") = "znzin", "engine\build\msvc71\znzin\znzin.vcxproj", "{423F6727-70C6-4D7A-97BA-97C72FBC169B}"
EndProject
Project("{8BC9CEB8-8B4A-11D0-8D11-00A0C91BC942}") = "LIB_Util", "LIB_Util\LIB_Util.vcxproj", "{B4DDE42E-8878-441E-87AE-62B2F0E5A9CF}"
EndProject
Project("{8BC9CEB8-8B4A-11D0-8D11-00A0C91BC942}") = "TGameCtrl", "TGameCtrl\TGameCtrl.vcxproj", "{25FC645B-A461-4FDD-848A-4F7C5522313A}"
EndProject
Project("{8BC9CEB8-8B4A-11D0-8D11-00A0C91BC942}") = "TriggerVFS", "Tools\TriggerVFS\TriggerVFS.vcxproj", "{3D8FB37B-21F3-4DEF-9B78-6FE270C73494}"
EndProject
Project("{8BC9CEB8-8B4A-11D0-8D11-00A0C91BC942}") = "TriggerInfo", "Tools\TriggerInfo\TriggerInfo.vcxproj", "{DE7958CD-934E-4AF9-8A22-CCE329B364FB}"
EndProject
Global
	GlobalSection(SolutionConfigurationPlatforms) = preSolution
		Debug|Win32 = Debug|Win32
		Release|Win32 = Release|Win32
	EndGlobalSection
	GlobalSection(ProjectConfigurationPlatforms) = postSolution
		{98F25AF9-BDDD-462D-9514-9A18FE2E2692}.Debug|Win32.ActiveCfg = Debug|Win32
		{98F25AF9-BDDD-462D-9514-9A18FE2E2692}.Debug|Win32.Build.0 = Debug|Win32
		{98F25AF9-BDDD-462D-9514-9A18FE2E2692}.Release|Win32.ActiveCfg = Release|Win32
		{98F25AF9-BDDD-462D-9514-9A18FE2E2692}.Release|Win32.Build.0 = Release|Win32
		{423F6727-70C6-4D7A-97BA-97C72FBC169B}.Debug|Win32.ActiveCfg = Debug|Win32
		{423F6727-70C6-4D7A-97BA-97C72FBC169B}.Debug|Win32.Build.0 = Debug|Win32
		{423F6727-70C6-4D7A-97BA-97C72FBC169B}.Release|Win32.ActiveCfg = Release|Win32
		{423F6727-70C6-4D7A-97BA-97C72FBC169B}.Release|Win32.Build.0 = Release|Win32
		{B4DDE42E-8878-441E-87AE-62B2F0E5A9CF}.Debug|Win32.ActiveCfg = Debug|Win32
		{B4DDE42E-8878-441E-87AE-62B2F0E5A9CF}.Debug|Win32.Build.0 = Debug|Win32
		{B4DDE42E-8878-441E-87AE-62B2F0E5A9CF}.Release|Win32.ActiveCfg = Release|Win32
		{B4DDE42E-8878-441E-87AE-62B2F0E5A9CF}.Release|Win32.Build.0 = Release|Win32
		{25FC645B-A461-4FDD-848A-4F7C5522313A}.Debug|Win32.ActiveCfg = Debug|Win32
		{25FC645B-A461-4FDD-848A-4F7C5522313A}.Debug|Win32.Build.0 = Debug|Win32
		{25FC645B-A461-4FDD-848A-4F7C5522313A}.Release|Win32.ActiveCfg = Release|Win32
		{25FC645B-A461-4FDD-848A-4F7C5522313A}.Release|Win32.Build.0 = Release|Win32
		{3D8FB37B-21F3-4DEF-9B78-6FE270C73494}.Debug|Win32.ActiveCfg = Debug|Win32
		{3D8FB37B-21F3-4DEF-9B78-6FE270C73494}.Debug|Win32.Build.0 = Debug|Win32
		{3D8FB37B-21F3-4DEF-9B78-6FE270C73494}.Release|Win32.ActiveCfg = Release|Win32
		{3D8FB37B-21F3-4DEF-9B78-6FE270C73494}.Release|Win32.Build.0 = Release|Win32
		{DE7958CD-934E-4AF9-8A22-CCE329B364FB}.Debug|Win32.ActiveCfg = Debug|Win32
		{DE7958CD-934E-4AF9-8A22-CCE329B364FB}.Debug|Win32.Build.0 = Debug|Win32
		{DE7958CD-934E-4AF9-8A22-CCE329B364FB}.Release|Win32.ActiveCfg = Release|Win32
		{DE7958CD-934E-4AF9-8A22-CCE329B364FB}.Release|Win32.Build.0 = Release|Win32
	EndGlobalSection
	GlobalSection(SolutionProperties) = preSolution
		HideSolutionNode = FALSE
	EndGlobalSection
EndGlobal
