<?xml version="1.0" encoding="utf-8"?>
<Project ToolsVersion="4.0" xmlns="http://schemas.microsoft.com/developer/msbuild/2003">
  <ItemGroup>
    <Filter Include="Source Files">
      <UniqueIdentifier>{3b37d752-47a4-4da7-aef3-def189b7c41a}</UniqueIdentifier>
      <Extensions>cpp;c;cxx;rc;def;r;odl;idl;hpj;bat</Extensions>
    </Filter>
    <Filter Include="Source Files\stdAFX">
      <UniqueIdentifier>{8107b7bf-361a-4420-a963-1a6958112c7f}</UniqueIdentifier>
    </Filter>
    <Filter Include="Source Files\Zone">
      <UniqueIdentifier>{7262a769-f70f-4fed-861c-391838b9eba2}</UniqueIdentifier>
    </Filter>
    <Filter Include="Source Files\Thread">
      <UniqueIdentifier>{72bdee20-7cd2-4a13-a97a-16ab132badfd}</UniqueIdentifier>
    </Filter>
    <Filter Include="Source Files\Shared">
      <UniqueIdentifier>{d1de2d51-e86c-4bfe-8d71-30571a4a50cf}</UniqueIdentifier>
    </Filter>
    <Filter Include="Source Files\Network">
      <UniqueIdentifier>{8ab1fd47-c629-432f-8497-fd275b8e7881}</UniqueIdentifier>
    </Filter>
  </ItemGroup>
  <ItemGroup>
    <ClCompile Include="CWS_Account.cpp">
      <Filter>Source Files</Filter>
    </ClCompile>
    <ClCompile Include="CWS_Party.cpp">
      <Filter>Source Files</Filter>
    </ClCompile>
    <ClCompile Include="..\..\..\LIB_Util\DebugReport.cpp">
      <Filter>Source Files</Filter>
    </ClCompile>
    <ClCompile Include="SHO_WS_LIB.CPP">
      <Filter>Source Files</Filter>
    </ClCompile>
    <ClCompile Include="StdAfx.cpp">
      <Filter>Source Files\stdAFX</Filter>
    </ClCompile>
    <ClCompile Include="WS_ZoneLIST.cpp">
      <Filter>Source Files\Zone</Filter>
    </ClCompile>
    <ClCompile Include="..\..\..\Common\CThreadGUILD.CPP">
      <Filter>Source Files\Thread</Filter>
    </ClCompile>
    <ClCompile Include="..\..\..\Common\CThreadLOG.cpp">
      <Filter>Source Files\Thread</Filter>
    </ClCompile>
    <ClCompile Include="..\..\..\Common\CThreadMSGR.cpp">
      <Filter>Source Files\Thread</Filter>
    </ClCompile>
    <ClCompile Include="WS_ThreadSQL.cpp">
      <Filter>Source Files\Thread</Filter>
    </ClCompile>
    <ClCompile Include="..\..\..\Common\CChatROOM.cpp">
      <Filter>Source Files\Shared</Filter>
    </ClCompile>
    <ClCompile Include="..\..\..\Common\CDB_Socket.cpp">
      <Filter>Source Files\Shared</Filter>
    </ClCompile>
    <ClCompile Include="..\..\..\Common\CInventory.cpp">
      <Filter>Source Files\Shared</Filter>
    </ClCompile>
    <ClCompile Include="..\..\..\Common\CItem.cpp">
      <Filter>Source Files\Shared</Filter>
    </ClCompile>
    <ClCompile Include="..\..\..\Common\ETC_Math.cpp">
      <Filter>Source Files\Shared</Filter>
    </ClCompile>
    <ClCompile Include="..\..\..\Common\IO_PAT.cpp">
      <Filter>Source Files\Shared</Filter>
    </ClCompile>
    <ClCompile Include="..\..\..\Common\IO_Skill.cpp">
      <Filter>Source Files\Shared</Filter>
    </ClCompile>
    <ClCompile Include="..\..\..\Common\IO_STB.cpp">
      <Filter>Source Files\Shared</Filter>
    </ClCompile>
    <ClCompile Include="CWS_Client.cpp">
      <Filter>Source Files\Network</Filter>
    </ClCompile>
    <ClCompile Include="CWS_Server.cpp">
      <Filter>Source Files\Network</Filter>
    </ClCompile>
    <ClCompile Include="WS_SocketLSV.cpp">
      <Filter>Source Files\Network</Filter>
    </ClCompile>
  </ItemGroup>
  <ItemGroup>
    <ClInclude Include="CWS_Account.h">
      <Filter>Source Files</Filter>
    </ClInclude>
    <ClInclude Include="CWS_API.h">
      <Filter>Source Files</Filter>
    </ClInclude>
    <ClInclude Include="CWS_Party.h">
      <Filter>Source Files</Filter>
    </ClInclude>
    <ClInclude Include="SHO_WS_LIB.H">
      <Filter>Source Files</Filter>
    </ClInclude>
    <ClInclude Include="StdAfx.h">
      <Filter>Source Files\stdAFX</Filter>
    </ClInclude>
    <ClInclude Include="WS_ZoneLIST.h">
      <Filter>Source Files\Zone</Filter>
    </ClInclude>
    <ClInclude Include="..\..\..\Common\CThreadGUILD.H">
      <Filter>Source Files\Thread</Filter>
    </ClInclude>
    <ClInclude Include="..\..\..\Common\CThreadLOG.h">
      <Filter>Source Files\Thread</Filter>
    </ClInclude>
    <ClInclude Include="..\..\..\Common\CThreadMSGR.h">
      <Filter>Source Files\Thread</Filter>
    </ClInclude>
    <ClInclude Include="WS_ThreadSQL.h">
      <Filter>Source Files\Thread</Filter>
    </ClInclude>
    <ClInclude Include="..\..\..\Common\CChatROOM.h">
      <Filter>Source Files\Shared</Filter>
    </ClInclude>
    <ClInclude Include="..\..\..\Common\CDB_Socket.h">
      <Filter>Source Files\Shared</Filter>
    </ClInclude>
    <ClInclude Include="..\..\..\Common\CInventory.h">
      <Filter>Source Files\Shared</Filter>
    </ClInclude>
    <ClInclude Include="..\..\..\Common\CItem.h">
      <Filter>Source Files\Shared</Filter>
    </ClInclude>
    <ClInclude Include="..\..\..\Client\Common\CUserDATA.h">
      <Filter>Source Files\Shared</Filter>
    </ClInclude>
    <ClInclude Include="..\..\..\Common\CWorldVAR.h">
      <Filter>Source Files\Shared</Filter>
    </ClInclude>
    <ClInclude Include="..\..\..\Common\ETC_Math.h">
      <Filter>Source Files\Shared</Filter>
    </ClInclude>
    <ClInclude Include="..\..\..\Common\IO_PAT.H">
      <Filter>Source Files\Shared</Filter>
    </ClInclude>
    <ClInclude Include="..\..\..\Common\IO_Skill.h">
      <Filter>Source Files\Shared</Filter>
    </ClInclude>
    <ClInclude Include="..\..\..\Client\Common\io_stb.h">
      <Filter>Source Files\Shared</Filter>
    </ClInclude>
    <ClInclude Include="..\..\..\Common\net_prototype.h">
      <Filter>Source Files\Shared</Filter>
    </ClInclude>
    <ClInclude Include="..\..\..\Common\SRV_Prototype.h">
      <Filter>Source Files\Shared</Filter>
    </ClInclude>
    <ClInclude Include="CWS_Client.h">
      <Filter>Source Files\Network</Filter>
    </ClInclude>
    <ClInclude Include="CWS_Server.h">
      <Filter>Source Files\Network</Filter>
    </ClInclude>
    <ClInclude Include="WS_SocketLSV.h">
      <Filter>Source Files\Network</Filter>
    </ClInclude>
  </ItemGroup>
  <ItemGroup>
    <None Include="Readme.txt" />
  </ItemGroup>
</Project>