Microsoft Visual Studio Solution File, Format Version 9.00
# Visual Studio 2005
Project("{8BC9CEB8-8B4A-11D0-8D11-00A0C91BC942}") = "LIB_Server", "..\LIB_Server\LIB_Server.vcproj", "{07F4D39F-4AAF-4848-BEC1-F0FB9A7A69B3}"
EndProject
Project("{8BC9CEB8-8B4A-11D0-8D11-00A0C91BC942}") = "LIB_UTIL", "..\LIB_Util\LIB_Util.vcproj", "{B4DDE42E-8878-441E-87AE-62B2F0E5A9CF}"
EndProject
Project("{8BC9CEB8-8B4A-11D0-8D11-00A0C91BC942}") = "SHO_DB_LIB", "SHO_DB\SHO_DB_LIB\SHO_DB_LIB.vcproj", "{5FB63D70-416A-4755-9708-FF8B6AAC637D}"
EndProject
Project("{8BC9CEB8-8B4A-11D0-8D11-00A0C91BC942}") = "SHO_GS_API", "SHO_GS\SHO_GS_API\SHO_GS_API.vcproj", "{CA5E0E69-9B39-4A23-856E-48651CCA5F77}"
	ProjectSection(ProjectDependencies) = postProject
		{48E6A734-BEC4-4317-9102-67A9A3C030E9} = {48E6A734-BEC4-4317-9102-67A9A3C030E9}
		{782AF9C9-40B2-4844-BE58-D73710823F16} = {782AF9C9-40B2-4844-BE58-D73710823F16}
	EndProjectSection
EndProject
Project("{8BC9CEB8-8B4A-11D0-8D11-00A0C91BC942}") = "SHO_GS_DLL", "SHO_GS\SHO_GS_DLL\SHO_GS_DLL.vcproj", "{48E6A734-BEC4-4317-9102-67A9A3C030E9}"
	ProjectSection(ProjectDependencies) = postProject
		{782AF9C9-40B2-4844-BE58-D73710823F16} = {782AF9C9-40B2-4844-BE58-D73710823F16}
	EndProjectSection
EndProject
Project("{8BC9CEB8-8B4A-11D0-8D11-00A0C91BC942}") = "SHO_GS_LIB", "SHO_GS\SHO_GS_LIB\SHO_GS_LIB.vcproj", "{782AF9C9-40B2-4844-BE58-D73710823F16}"
	ProjectSection(ProjectDependencies) = postProject
		{07F4D39F-4AAF-4848-BEC1-F0FB9A7A69B3} = {07F4D39F-4AAF-4848-BEC1-F0FB9A7A69B3}
	EndProjectSection
EndProject
Project("{8BC9CEB8-8B4A-11D0-8D11-00A0C91BC942}") = "SHO_LS_DLL", "SHO_LS\SHO_LS_DLL\SHO_LS_DLL.vcproj", "{880C1CCD-606A-49B9-8891-2794EAB4167C}"
	ProjectSection(ProjectDependencies) = postProject
		{ABFAB753-FF1C-47E7-AA06-60FFCEC3C8FF} = {ABFAB753-FF1C-47E7-AA06-60FFCEC3C8FF}
	EndProjectSection
EndProject
Project("{8BC9CEB8-8B4A-11D0-8D11-00A0C91BC942}") = "SHO_LS_LIB", "SHO_LS\SHO_LS_LIB\SHO_LS_LIB.vcproj", "{ABFAB753-FF1C-47E7-AA06-60FFCEC3C8FF}"
	ProjectSection(ProjectDependencies) = postProject
		{07F4D39F-4AAF-4848-BEC1-F0FB9A7A69B3} = {07F4D39F-4AAF-4848-BEC1-F0FB9A7A69B3}
	EndProjectSection
EndProject
Project("{8BC9CEB8-8B4A-11D0-8D11-00A0C91BC942}") = "SHO_WS_DLL", "SHO_WS\SHO_WS_DLL\SHO_WS_DLL.vcproj", "{59368FFB-7EDD-46E7-BD58-19EC6415BB1D}"
	ProjectSection(ProjectDependencies) = postProject
		{A4BD70F5-CE47-4747-8723-72C37983D063} = {A4BD70F5-CE47-4747-8723-72C37983D063}
	EndProjectSection
EndProject
Project("{8BC9CEB8-8B4A-11D0-8D11-00A0C91BC942}") = "SHO_WS_LIB", "SHO_WS\SHO_WS_LIB\SHO_WS_LIB.vcproj", "{A4BD70F5-CE47-4747-8723-72C37983D063}"
	ProjectSection(ProjectDependencies) = postProject
		{07F4D39F-4AAF-4848-BEC1-F0FB9A7A69B3} = {07F4D39F-4AAF-4848-BEC1-F0FB9A7A69B3}
	EndProjectSection
EndProject
Global
	GlobalSection(SolutionConfigurationPlatforms) = preSolution
		Compaq Debug|Win32 = Compaq Debug|Win32
		Debug_AllInONE|Win32 = Debug_AllInONE|Win32
		Debug|Win32 = Debug|Win32
		Debug2|Win32 = Debug2|Win32
		Release|Win32 = Release|Win32
		Xeon Debug|Win32 = Xeon Debug|Win32
	EndGlobalSection
	GlobalSection(ProjectConfigurationPlatforms) = postSolution
		{07F4D39F-4AAF-4848-BEC1-F0FB9A7A69B3}.Compaq Debug|Win32.ActiveCfg = Compaq Debug|Win32
		{07F4D39F-4AAF-4848-BEC1-F0FB9A7A69B3}.Compaq Debug|Win32.Build.0 = Compaq Debug|Win32
		{07F4D39F-4AAF-4848-BEC1-F0FB9A7A69B3}.Debug_AllInONE|Win32.ActiveCfg = Debug2|Win32
		{07F4D39F-4AAF-4848-BEC1-F0FB9A7A69B3}.Debug_AllInONE|Win32.Build.0 = Debug2|Win32
		{07F4D39F-4AAF-4848-BEC1-F0FB9A7A69B3}.Debug|Win32.ActiveCfg = Debug|Win32
		{07F4D39F-4AAF-4848-BEC1-F0FB9A7A69B3}.Debug|Win32.Build.0 = Debug|Win32
		{07F4D39F-4AAF-4848-BEC1-F0FB9A7A69B3}.Debug2|Win32.ActiveCfg = Debug2|Win32
		{07F4D39F-4AAF-4848-BEC1-F0FB9A7A69B3}.Debug2|Win32.Build.0 = Debug2|Win32
		{07F4D39F-4AAF-4848-BEC1-F0FB9A7A69B3}.Release|Win32.ActiveCfg = Release|Win32
		{07F4D39F-4AAF-4848-BEC1-F0FB9A7A69B3}.Release|Win32.Build.0 = Release|Win32
		{07F4D39F-4AAF-4848-BEC1-F0FB9A7A69B3}.Xeon Debug|Win32.ActiveCfg = Xeon Debug|Win32
		{07F4D39F-4AAF-4848-BEC1-F0FB9A7A69B3}.Xeon Debug|Win32.Build.0 = Xeon Debug|Win32
		{B4DDE42E-8878-441E-87AE-62B2F0E5A9CF}.Compaq Debug|Win32.ActiveCfg = Compaq Debug|Win32
		{B4DDE42E-8878-441E-87AE-62B2F0E5A9CF}.Compaq Debug|Win32.Build.0 = Compaq Debug|Win32
		{B4DDE42E-8878-441E-87AE-62B2F0E5A9CF}.Debug_AllInONE|Win32.ActiveCfg = Debug|Win32
		{B4DDE42E-8878-441E-87AE-62B2F0E5A9CF}.Debug_AllInONE|Win32.Build.0 = Debug|Win32
		{B4DDE42E-8878-441E-87AE-62B2F0E5A9CF}.Debug|Win32.ActiveCfg = Debug|Win32
		{B4DDE42E-8878-441E-87AE-62B2F0E5A9CF}.Debug|Win32.Build.0 = Debug|Win32
		{B4DDE42E-8878-441E-87AE-62B2F0E5A9CF}.Debug2|Win32.ActiveCfg = Debug2|Win32
		{B4DDE42E-8878-441E-87AE-62B2F0E5A9CF}.Debug2|Win32.Build.0 = Debug2|Win32
		{B4DDE42E-8878-441E-87AE-62B2F0E5A9CF}.Release|Win32.ActiveCfg = Release|Win32
		{B4DDE42E-8878-441E-87AE-62B2F0E5A9CF}.Release|Win32.Build.0 = Release|Win32
		{B4DDE42E-8878-441E-87AE-62B2F0E5A9CF}.Xeon Debug|Win32.ActiveCfg = Xeon Debug|Win32
		{B4DDE42E-8878-441E-87AE-62B2F0E5A9CF}.Xeon Debug|Win32.Build.0 = Xeon Debug|Win32
		{5FB63D70-416A-4755-9708-FF8B6AAC637D}.Compaq Debug|Win32.ActiveCfg = Debug|Win32
		{5FB63D70-416A-4755-9708-FF8B6AAC637D}.Compaq Debug|Win32.Build.0 = Debug|Win32
		{5FB63D70-416A-4755-9708-FF8B6AAC637D}.Debug_AllInONE|Win32.ActiveCfg = Debug|Win32
		{5FB63D70-416A-4755-9708-FF8B6AAC637D}.Debug_AllInONE|Win32.Build.0 = Debug|Win32
		{5FB63D70-416A-4755-9708-FF8B6AAC637D}.Debug|Win32.ActiveCfg = Debug|Win32
		{5FB63D70-416A-4755-9708-FF8B6AAC637D}.Debug|Win32.Build.0 = Debug|Win32
		{5FB63D70-416A-4755-9708-FF8B6AAC637D}.Debug2|Win32.ActiveCfg = Debug|Win32
		{5FB63D70-416A-4755-9708-FF8B6AAC637D}.Debug2|Win32.Build.0 = Debug|Win32
		{5FB63D70-416A-4755-9708-FF8B6AAC637D}.Release|Win32.ActiveCfg = Release|Win32
		{5FB63D70-416A-4755-9708-FF8B6AAC637D}.Release|Win32.Build.0 = Release|Win32
		{5FB63D70-416A-4755-9708-FF8B6AAC637D}.Xeon Debug|Win32.ActiveCfg = Debug|Win32
		{5FB63D70-416A-4755-9708-FF8B6AAC637D}.Xeon Debug|Win32.Build.0 = Debug|Win32
		{CA5E0E69-9B39-4A23-856E-48651CCA5F77}.Compaq Debug|Win32.ActiveCfg = Debug|Win32
		{CA5E0E69-9B39-4A23-856E-48651CCA5F77}.Compaq Debug|Win32.Build.0 = Debug|Win32
		{CA5E0E69-9B39-4A23-856E-48651CCA5F77}.Debug_AllInONE|Win32.ActiveCfg = Debug_AllInONE|Win32
		{CA5E0E69-9B39-4A23-856E-48651CCA5F77}.Debug_AllInONE|Win32.Build.0 = Debug_AllInONE|Win32
		{CA5E0E69-9B39-4A23-856E-48651CCA5F77}.Debug|Win32.ActiveCfg = Debug|Win32
		{CA5E0E69-9B39-4A23-856E-48651CCA5F77}.Debug|Win32.Build.0 = Debug|Win32
		{CA5E0E69-9B39-4A23-856E-48651CCA5F77}.Debug2|Win32.ActiveCfg = Debug|Win32
		{CA5E0E69-9B39-4A23-856E-48651CCA5F77}.Debug2|Win32.Build.0 = Debug|Win32
		{CA5E0E69-9B39-4A23-856E-48651CCA5F77}.Release|Win32.ActiveCfg = Release|Win32
		{CA5E0E69-9B39-4A23-856E-48651CCA5F77}.Release|Win32.Build.0 = Release|Win32
		{CA5E0E69-9B39-4A23-856E-48651CCA5F77}.Xeon Debug|Win32.ActiveCfg = Debug|Win32
		{CA5E0E69-9B39-4A23-856E-48651CCA5F77}.Xeon Debug|Win32.Build.0 = Debug|Win32
		{48E6A734-BEC4-4317-9102-67A9A3C030E9}.Compaq Debug|Win32.ActiveCfg = Compaq Debug|Win32
		{48E6A734-BEC4-4317-9102-67A9A3C030E9}.Compaq Debug|Win32.Build.0 = Compaq Debug|Win32
		{48E6A734-BEC4-4317-9102-67A9A3C030E9}.Debug_AllInONE|Win32.ActiveCfg = Debug2|Win32
		{48E6A734-BEC4-4317-9102-67A9A3C030E9}.Debug_AllInONE|Win32.Build.0 = Debug2|Win32
		{48E6A734-BEC4-4317-9102-67A9A3C030E9}.Debug|Win32.ActiveCfg = Debug|Win32
		{48E6A734-BEC4-4317-9102-67A9A3C030E9}.Debug|Win32.Build.0 = Debug|Win32
		{48E6A734-BEC4-4317-9102-67A9A3C030E9}.Debug2|Win32.ActiveCfg = Debug2|Win32
		{48E6A734-BEC4-4317-9102-67A9A3C030E9}.Debug2|Win32.Build.0 = Debug2|Win32
		{48E6A734-BEC4-4317-9102-67A9A3C030E9}.Release|Win32.ActiveCfg = Release|Win32
		{48E6A734-BEC4-4317-9102-67A9A3C030E9}.Release|Win32.Build.0 = Release|Win32
		{48E6A734-BEC4-4317-9102-67A9A3C030E9}.Xeon Debug|Win32.ActiveCfg = Xeon Debug|Win32
		{48E6A734-BEC4-4317-9102-67A9A3C030E9}.Xeon Debug|Win32.Build.0 = Xeon Debug|Win32
		{782AF9C9-40B2-4844-BE58-D73710823F16}.Compaq Debug|Win32.ActiveCfg = Compaq Debug|Win32
		{782AF9C9-40B2-4844-BE58-D73710823F16}.Compaq Debug|Win32.Build.0 = Compaq Debug|Win32
		{782AF9C9-40B2-4844-BE58-D73710823F16}.Debug_AllInONE|Win32.ActiveCfg = Debug_AllInONE|Win32
		{782AF9C9-40B2-4844-BE58-D73710823F16}.Debug_AllInONE|Win32.Build.0 = Debug_AllInONE|Win32
		{782AF9C9-40B2-4844-BE58-D73710823F16}.Debug|Win32.ActiveCfg = Debug|Win32
		{782AF9C9-40B2-4844-BE58-D73710823F16}.Debug|Win32.Build.0 = Debug|Win32
		{782AF9C9-40B2-4844-BE58-D73710823F16}.Debug2|Win32.ActiveCfg = Debug2|Win32
		{782AF9C9-40B2-4844-BE58-D73710823F16}.Debug2|Win32.Build.0 = Debug2|Win32
		{782AF9C9-40B2-4844-BE58-D73710823F16}.Release|Win32.ActiveCfg = Release|Win32
		{782AF9C9-40B2-4844-BE58-D73710823F16}.Release|Win32.Build.0 = Release|Win32
		{782AF9C9-40B2-4844-BE58-D73710823F16}.Xeon Debug|Win32.ActiveCfg = Xeon Debug|Win32
		{782AF9C9-40B2-4844-BE58-D73710823F16}.Xeon Debug|Win32.Build.0 = Xeon Debug|Win32
		{880C1CCD-606A-49B9-8891-2794EAB4167C}.Compaq Debug|Win32.ActiveCfg = Compaq Debug|Win32
		{880C1CCD-606A-49B9-8891-2794EAB4167C}.Compaq Debug|Win32.Build.0 = Compaq Debug|Win32
		{880C1CCD-606A-49B9-8891-2794EAB4167C}.Debug_AllInONE|Win32.ActiveCfg = Debug|Win32
		{880C1CCD-606A-49B9-8891-2794EAB4167C}.Debug_AllInONE|Win32.Build.0 = Debug|Win32
		{880C1CCD-606A-49B9-8891-2794EAB4167C}.Debug|Win32.ActiveCfg = Debug|Win32
		{880C1CCD-606A-49B9-8891-2794EAB4167C}.Debug|Win32.Build.0 = Debug|Win32
		{880C1CCD-606A-49B9-8891-2794EAB4167C}.Debug2|Win32.ActiveCfg = Debug|Win32
		{880C1CCD-606A-49B9-8891-2794EAB4167C}.Debug2|Win32.Build.0 = Debug|Win32
		{880C1CCD-606A-49B9-8891-2794EAB4167C}.Release|Win32.ActiveCfg = Release|Win32
		{880C1CCD-606A-49B9-8891-2794EAB4167C}.Release|Win32.Build.0 = Release|Win32
		{880C1CCD-606A-49B9-8891-2794EAB4167C}.Xeon Debug|Win32.ActiveCfg = Debug|Win32
		{880C1CCD-606A-49B9-8891-2794EAB4167C}.Xeon Debug|Win32.Build.0 = Debug|Win32
		{ABFAB753-FF1C-47E7-AA06-60FFCEC3C8FF}.Compaq Debug|Win32.ActiveCfg = Compaq Debug|Win32
		{ABFAB753-FF1C-47E7-AA06-60FFCEC3C8FF}.Compaq Debug|Win32.Build.0 = Compaq Debug|Win32
		{ABFAB753-FF1C-47E7-AA06-60FFCEC3C8FF}.Debug_AllInONE|Win32.ActiveCfg = Debug|Win32
		{ABFAB753-FF1C-47E7-AA06-60FFCEC3C8FF}.Debug_AllInONE|Win32.Build.0 = Debug|Win32
		{ABFAB753-FF1C-47E7-AA06-60FFCEC3C8FF}.Debug|Win32.ActiveCfg = Debug|Win32
		{ABFAB753-FF1C-47E7-AA06-60FFCEC3C8FF}.Debug|Win32.Build.0 = Debug|Win32
		{ABFAB753-FF1C-47E7-AA06-60FFCEC3C8FF}.Debug2|Win32.ActiveCfg = Debug|Win32
		{ABFAB753-FF1C-47E7-AA06-60FFCEC3C8FF}.Debug2|Win32.Build.0 = Debug|Win32
		{ABFAB753-FF1C-47E7-AA06-60FFCEC3C8FF}.Release|Win32.ActiveCfg = Release|Win32
		{ABFAB753-FF1C-47E7-AA06-60FFCEC3C8FF}.Release|Win32.Build.0 = Release|Win32
		{ABFAB753-FF1C-47E7-AA06-60FFCEC3C8FF}.Xeon Debug|Win32.ActiveCfg = Debug|Win32
		{ABFAB753-FF1C-47E7-AA06-60FFCEC3C8FF}.Xeon Debug|Win32.Build.0 = Debug|Win32
		{59368FFB-7EDD-46E7-BD58-19EC6415BB1D}.Compaq Debug|Win32.ActiveCfg = Compaq Debug|Win32
		{59368FFB-7EDD-46E7-BD58-19EC6415BB1D}.Compaq Debug|Win32.Build.0 = Compaq Debug|Win32
		{59368FFB-7EDD-46E7-BD58-19EC6415BB1D}.Debug_AllInONE|Win32.ActiveCfg = Debug2|Win32
		{59368FFB-7EDD-46E7-BD58-19EC6415BB1D}.Debug_AllInONE|Win32.Build.0 = Debug2|Win32
		{59368FFB-7EDD-46E7-BD58-19EC6415BB1D}.Debug|Win32.ActiveCfg = Debug|Win32
		{59368FFB-7EDD-46E7-BD58-19EC6415BB1D}.Debug|Win32.Build.0 = Debug|Win32
		{59368FFB-7EDD-46E7-BD58-19EC6415BB1D}.Debug2|Win32.ActiveCfg = Debug2|Win32
		{59368FFB-7EDD-46E7-BD58-19EC6415BB1D}.Debug2|Win32.Build.0 = Debug2|Win32
		{59368FFB-7EDD-46E7-BD58-19EC6415BB1D}.Release|Win32.ActiveCfg = Release|Win32
		{59368FFB-7EDD-46E7-BD58-19EC6415BB1D}.Release|Win32.Build.0 = Release|Win32
		{59368FFB-7EDD-46E7-BD58-19EC6415BB1D}.Xeon Debug|Win32.ActiveCfg = Debug|Win32
		{59368FFB-7EDD-46E7-BD58-19EC6415BB1D}.Xeon Debug|Win32.Build.0 = Debug|Win32
		{A4BD70F5-CE47-4747-8723-72C37983D063}.Compaq Debug|Win32.ActiveCfg = Compaq Debug|Win32
		{A4BD70F5-CE47-4747-8723-72C37983D063}.Compaq Debug|Win32.Build.0 = Compaq Debug|Win32
		{A4BD70F5-CE47-4747-8723-72C37983D063}.Debug_AllInONE|Win32.ActiveCfg = Debug|Win32
		{A4BD70F5-CE47-4747-8723-72C37983D063}.Debug_AllInONE|Win32.Build.0 = Debug|Win32
		{A4BD70F5-CE47-4747-8723-72C37983D063}.Debug|Win32.ActiveCfg = Debug|Win32
		{A4BD70F5-CE47-4747-8723-72C37983D063}.Debug|Win32.Build.0 = Debug|Win32
		{A4BD70F5-CE47-4747-8723-72C37983D063}.Debug2|Win32.ActiveCfg = Debug2|Win32
		{A4BD70F5-CE47-4747-8723-72C37983D063}.Debug2|Win32.Build.0 = Debug2|Win32
		{A4BD70F5-CE47-4747-8723-72C37983D063}.Release|Win32.ActiveCfg = Release|Win32
		{A4BD70F5-CE47-4747-8723-72C37983D063}.Release|Win32.Build.0 = Release|Win32
		{A4BD70F5-CE47-4747-8723-72C37983D063}.Xeon Debug|Win32.ActiveCfg = Debug|Win32
		{A4BD70F5-CE47-4747-8723-72C37983D063}.Xeon Debug|Win32.Build.0 = Debug|Win32
	EndGlobalSection
	GlobalSection(SolutionProperties) = preSolution
		HideSolutionNode = FALSE
	EndGlobalSection
EndGlobal
