<?xml version="1.0" encoding="utf-8"?>
<Project ToolsVersion="4.0" xmlns="http://schemas.microsoft.com/developer/msbuild/2003">
  <ItemGroup>
    <Filter Include="Source Files">
      <UniqueIdentifier>{01935e00-5d15-4f01-9f15-e7d8404fc0fd}</UniqueIdentifier>
      <Extensions>cpp;c;cxx;rc;def;r;odl;idl;hpj;bat</Extensions>
    </Filter>
    <Filter Include="Source Files\Network">
      <UniqueIdentifier>{347e9250-0fe9-4538-bebe-7d7c448ae8cb}</UniqueIdentifier>
    </Filter>
    <Filter Include="Source Files\Thread">
      <UniqueIdentifier>{aba7d7a4-eec0-433d-a737-0ece22d479a6}</UniqueIdentifier>
    </Filter>
    <Filter Include="Source Files\OGG">
      <UniqueIdentifier>{ece0d3aa-3750-40b0-b94b-a108aff422f6}</UniqueIdentifier>
    </Filter>
    <Filter Include="Source Files\Trace">
      <UniqueIdentifier>{96dea517-78f7-4fbb-81ee-9e1a98b8c8f7}</UniqueIdentifier>
    </Filter>
    <Filter Include="Header Files">
      <UniqueIdentifier>{23495904-b88f-4880-a75f-539e860a2d1e}</UniqueIdentifier>
      <Extensions>h;hpp;hxx;hm;inl</Extensions>
    </Filter>
  </ItemGroup>
  <ItemGroup>
    <ClInclude Include="AStrTABLE.h">
      <Filter>Source Files</Filter>
    </ClInclude>
    <ClInclude Include="classFile.h">
      <Filter>Source Files</Filter>
    </ClInclude>
    <ClInclude Include="classSYS.h">
      <Filter>Source Files</Filter>
    </ClInclude>
    <ClInclude Include="CProcess.h">
      <Filter>Source Files</Filter>
    </ClInclude>
    <ClInclude Include="CRandom.h">
      <Filter>Source Files</Filter>
    </ClInclude>
    <ClInclude Include="..\Client\Util\CClientSOCKET.h">
      <Filter>Source Files\Network</Filter>
    </ClInclude>
    <ClInclude Include="CPacketCODEC.h">
      <Filter>Source Files\Network</Filter>
    </ClInclude>
    <ClInclude Include="..\Client\Util\CRawSOCKET.h">
      <Filter>Source Files\Network</Filter>
    </ClInclude>
    <ClInclude Include="..\Client\Util\CshoSOCKET.h">
      <Filter>Source Files\Network</Filter>
    </ClInclude>
    <ClInclude Include="..\Client\Util\CSocket.h">
      <Filter>Source Files\Network</Filter>
    </ClInclude>
    <ClInclude Include="..\Client\Util\CSocketWND.h">
      <Filter>Source Files\Network</Filter>
    </ClInclude>
    <ClInclude Include="..\Client\Util\PacketHEADER.h">
      <Filter>Source Files\Network</Filter>
    </ClInclude>
    <ClInclude Include="classSYNCOBJ.h">
      <Filter>Source Files\Thread</Filter>
    </ClInclude>
    <ClInclude Include="classTHREAD.h">
      <Filter>Source Files\Thread</Filter>
    </ClInclude>
    <ClInclude Include="classTRACE.h">
      <Filter>Source Files\Trace</Filter>
    </ClInclude>
    <ClInclude Include="..\Client\Util\CBITArray.h">
      <Filter>Header Files</Filter>
    </ClInclude>
    <ClInclude Include="CDXHPC.H">
      <Filter>Header Files</Filter>
    </ClInclude>
    <ClInclude Include="classCRC.h">
      <Filter>Header Files</Filter>
    </ClInclude>
    <ClInclude Include="..\Client\Util\classHASH.h">
      <Filter>Header Files</Filter>
    </ClInclude>
    <ClInclude Include="..\Client\Util\classHTTP.h">
      <Filter>Header Files</Filter>
    </ClInclude>
    <ClInclude Include="..\Client\Util\classIME.h">
      <Filter>Header Files</Filter>
    </ClInclude>
    <ClInclude Include="..\Client\Util\classLOG.h">
      <Filter>Header Files</Filter>
    </ClInclude>
    <ClInclude Include="..\Client\Util\classLUA.h">
      <Filter>Header Files</Filter>
    </ClInclude>
    <ClInclude Include="..\Client\Util\classMD5.h">
      <Filter>Header Files</Filter>
    </ClInclude>
    <ClInclude Include="classMD5Defines.h">
      <Filter>Header Files</Filter>
    </ClInclude>
    <ClInclude Include="..\Client\Util\classSTB.h">
      <Filter>Header Files</Filter>
    </ClInclude>
    <ClInclude Include="..\Client\Util\classSTR.h">
      <Filter>Header Files</Filter>
    </ClInclude>
    <ClInclude Include="..\Client\Util\classTIME.h">
      <Filter>Header Files</Filter>
    </ClInclude>
    <ClInclude Include="..\Client\Util\classUTIL.h">
      <Filter>Header Files</Filter>
    </ClInclude>
    <ClInclude Include="..\Client\Util\CMMPlayer.h">
      <Filter>Header Files</Filter>
    </ClInclude>
    <ClInclude Include="CWaveFILE.h">
      <Filter>Header Files</Filter>
    </ClInclude>
    <ClInclude Include="..\Client\Util\DLLIST.h">
      <Filter>Header Files</Filter>
    </ClInclude>
    <ClInclude Include="DynamicData.h">
      <Filter>Header Files</Filter>
    </ClInclude>
    <ClInclude Include="LIB_IJL.h">
      <Filter>Header Files</Filter>
    </ClInclude>
    <ClInclude Include="LIB_Util.h">
      <Filter>Header Files</Filter>
    </ClInclude>
    <ClInclude Include="..\Client\Util\SLLIST.h">
      <Filter>Header Files</Filter>
    </ClInclude>
  </ItemGroup>
  <ItemGroup>
    <ClCompile Include="CBITArray.cpp">
      <Filter>Source Files</Filter>
    </ClCompile>
    <ClCompile Include="cdxHPC.cpp">
      <Filter>Source Files</Filter>
    </ClCompile>
    <ClCompile Include="classCRC.cpp">
      <Filter>Source Files</Filter>
    </ClCompile>
    <ClCompile Include="classFile.cpp">
      <Filter>Source Files</Filter>
    </ClCompile>
    <ClCompile Include="classHASH.cpp">
      <Filter>Source Files</Filter>
    </ClCompile>
    <ClCompile Include="classHTTP.cpp">
      <Filter>Source Files</Filter>
    </ClCompile>
    <ClCompile Include="classIME.cpp">
      <Filter>Source Files</Filter>
    </ClCompile>
    <ClCompile Include="classLOG.cpp">
      <Filter>Source Files</Filter>
    </ClCompile>
    <ClCompile Include="classMD5.cpp">
      <Filter>Source Files</Filter>
    </ClCompile>
    <ClCompile Include="classSTB.cpp">
      <Filter>Source Files</Filter>
    </ClCompile>
    <ClCompile Include="classSTR.cpp">
      <Filter>Source Files</Filter>
    </ClCompile>
    <ClCompile Include="classSYS.cpp">
      <Filter>Source Files</Filter>
    </ClCompile>
    <ClCompile Include="classTIME.cpp">
      <Filter>Source Files</Filter>
    </ClCompile>
    <ClCompile Include="classUTIL.cpp">
      <Filter>Source Files</Filter>
    </ClCompile>
    <ClCompile Include="CProcess.cpp">
      <Filter>Source Files</Filter>
    </ClCompile>
    <ClCompile Include="CRandom.cpp">
      <Filter>Source Files</Filter>
    </ClCompile>
    <ClCompile Include="LIB_IJL.cpp">
      <Filter>Source Files</Filter>
    </ClCompile>
    <ClCompile Include="CClientSOCKET.cpp">
      <Filter>Source Files\Network</Filter>
    </ClCompile>
    <ClCompile Include="CPacketCODEC.cpp">
      <Filter>Source Files\Network</Filter>
    </ClCompile>
    <ClCompile Include="CRawSOCKET.cpp">
      <Filter>Source Files\Network</Filter>
    </ClCompile>
    <ClCompile Include="CshoSOCKET.cpp">
      <Filter>Source Files\Network</Filter>
    </ClCompile>
    <ClCompile Include="CSocket.cpp">
      <Filter>Source Files\Network</Filter>
    </ClCompile>
    <ClCompile Include="CSocketWND.cpp">
      <Filter>Source Files\Network</Filter>
    </ClCompile>
    <ClCompile Include="PacketHEADER.cpp">
      <Filter>Source Files\Network</Filter>
    </ClCompile>
    <ClCompile Include="classSYNCOBJ.cpp">
      <Filter>Source Files\Thread</Filter>
    </ClCompile>
    <ClCompile Include="classTHREAD.cpp">
      <Filter>Source Files\Thread</Filter>
    </ClCompile>
    <ClCompile Include="classTRACE.cpp">
      <Filter>Source Files\Trace</Filter>
    </ClCompile>
  </ItemGroup>
</Project>