Microsoft Visual Studio Solution File, Format Version 8.00
Project("{8BC9CEB8-8B4A-11D0-8D11-00A0C91BC942}") = "TriggerInfo", "TriggerInfo.vcproj", "{DE7958CD-934E-4AF9-8A22-CCE329B364FB}"
	ProjectSection(ProjectDependencies) = postProject
	EndProjectSection
EndProject
Project("{8BC9CEB8-8B4A-11D0-8D11-00A0C91BC942}") = "viewinfo", "sample\viewinfo\viewinfo.vcproj", "{4130C2E5-4078-4AFD-95FD-0DBC754C6BC4}"
	ProjectSection(ProjectDependencies) = postProject
	EndProjectSection
EndProject
Global
	GlobalSection(SourceCodeControl) = preSolution
		SccNumberOfProjects = 2
		SccProjectUniqueName0 = TriggerInfo.vcproj
		SccProjectName0 = \u0022$/Tools/TriggerInfo\u0022,\u0020KFBBAAAA
		SccLocalPath0 = .
		SccProvider0 = MSSCCI:Microsoft\u0020Visual\u0020SourceSafe
		CanCheckoutShared = true
		SccProjectUniqueName1 = sample\\viewinfo\\viewinfo.vcproj
		SccProjectName1 = \u0022$/Tools/TriggerInfo/sample/viewinfo\u0022,\u0020BHBBAAAA
		SccLocalPath1 = sample\\viewinfo
		SccProvider1 = MSSCCI:Microsoft\u0020Visual\u0020SourceSafe
		CanCheckoutShared = true
	EndGlobalSection
	GlobalSection(SolutionConfiguration) = preSolution
		Debug = Debug
		Release = Release
	EndGlobalSection
	GlobalSection(ProjectConfiguration) = postSolution
		{DE7958CD-934E-4AF9-8A22-CCE329B364FB}.Debug.ActiveCfg = Release|Win32
		{DE7958CD-934E-4AF9-8A22-CCE329B364FB}.Debug.Build.0 = Release|Win32
		{DE7958CD-934E-4AF9-8A22-CCE329B364FB}.Release.ActiveCfg = Release|Win32
		{DE7958CD-934E-4AF9-8A22-CCE329B364FB}.Release.Build.0 = Release|Win32
		{4130C2E5-4078-4AFD-95FD-0DBC754C6BC4}.Debug.ActiveCfg = Debug|Win32
		{4130C2E5-4078-4AFD-95FD-0DBC754C6BC4}.Debug.Build.0 = Debug|Win32
		{4130C2E5-4078-4AFD-95FD-0DBC754C6BC4}.Release.ActiveCfg = Release|Win32
		{4130C2E5-4078-4AFD-95FD-0DBC754C6BC4}.Release.Build.0 = Release|Win32
	EndGlobalSection
	GlobalSection(ExtensibilityGlobals) = postSolution
	EndGlobalSection
	GlobalSection(ExtensibilityAddIns) = postSolution
	EndGlobalSection
EndGlobal
